// !$*UTF8*$!
{
	archiveVersion = 1;
	classes = {
	};
	objectVersion = 51;
	objects = {

/* Begin PBXBuildFile section */
		02143EEC231BB47000A9C3C3 /* AppDelegate.swift in Sources */ = {isa = PBXBuildFile; fileRef = 02143EEB231BB47000A9C3C3 /* AppDelegate.swift */; };
		02143EEE231BB47000A9C3C3 /* TodoListViewController.swift in Sources */ = {isa = PBXBuildFile; fileRef = 02143EED231BB47000A9C3C3 /* TodoListViewController.swift */; };
		02143EF1231BB47000A9C3C3 /* Main.storyboard in Resources */ = {isa = PBXBuildFile; fileRef = 02143EEF231BB47000A9C3C3 /* Main.storyboard */; };
		02143EF3231BB47300A9C3C3 /* Assets.xcassets in Resources */ = {isa = PBXBuildFile; fileRef = 02143EF2231BB47300A9C3C3 /* Assets.xcassets */; };
		02143EF6231BB47300A9C3C3 /* LaunchScreen.storyboard in Resources */ = {isa = PBXBuildFile; fileRef = 02143EF4231BB47300A9C3C3 /* LaunchScreen.storyboard */; };
		02143F2A231D9DA700A9C3C3 /* CategoryViewController.swift in Sources */ = {isa = PBXBuildFile; fileRef = 02143F29231D9DA700A9C3C3 /* CategoryViewController.swift */; };
		02143F2E231EE03200A9C3C3 /* Item.swift in Sources */ = {isa = PBXBuildFile; fileRef = 02143F2D231EE03200A9C3C3 /* Item.swift */; };
		02143F30231EE03F00A9C3C3 /* Category.swift in Sources */ = {isa = PBXBuildFile; fileRef = 02143F2F231EE03F00A9C3C3 /* Category.swift */; };
		02143F3223200F6A00A9C3C3 /* SwipeTableViewController.swift in Sources */ = {isa = PBXBuildFile; fileRef = 02143F3123200F6A00A9C3C3 /* SwipeTableViewController.swift */; };
		6EB851D21E7E90C31A702C4D /* Pods_Todoey.framework in Frameworks */ = {isa = PBXBuildFile; fileRef = 1117B9A63D3E83576B7C07F0 /* Pods_Todoey.framework */; };
/* End PBXBuildFile section */

/* Begin PBXFileReference section */
		02143EE8231BB47000A9C3C3 /* Todoey.app */ = {isa = PBXFileReference; explicitFileType = wrapper.application; includeInIndex = 0; path = Todoey.app; sourceTree = BUILT_PRODUCTS_DIR; };
		02143EEB231BB47000A9C3C3 /* AppDelegate.swift */ = {isa = PBXFileReference; lastKnownFileType = sourcecode.swift; path = AppDelegate.swift; sourceTree = "<group>"; };
		02143EED231BB47000A9C3C3 /* TodoListViewController.swift */ = {isa = PBXFileReference; lastKnownFileType = sourcecode.swift; path = TodoListViewController.swift; sourceTree = "<group>"; };
		02143EF0231BB47000A9C3C3 /* Base */ = {isa = PBXFileReference; lastKnownFileType = file.storyboard; name = Base; path = Base.lproj/Main.storyboard; sourceTree = "<group>"; };
		02143EF2231BB47300A9C3C3 /* Assets.xcassets */ = {isa = PBXFileReference; lastKnownFileType = folder.assetcatalog; path = Assets.xcassets; sourceTree = "<group>"; };
		02143EF5231BB47300A9C3C3 /* Base */ = {isa = PBXFileReference; lastKnownFileType = file.storyboard; name = Base; path = Base.lproj/LaunchScreen.storyboard; sourceTree = "<group>"; };
		02143EF7231BB47300A9C3C3 /* Info.plist */ = {isa = PBXFileReference; lastKnownFileType = text.plist.xml; path = Info.plist; sourceTree = "<group>"; };
		02143F29231D9DA700A9C3C3 /* CategoryViewController.swift */ = {isa = PBXFileReference; lastKnownFileType = sourcecode.swift; path = CategoryViewController.swift; sourceTree = "<group>"; };
		02143F2D231EE03200A9C3C3 /* Item.swift */ = {isa = PBXFileReference; lastKnownFileType = sourcecode.swift; path = Item.swift; sourceTree = "<group>"; };
		02143F2F231EE03F00A9C3C3 /* Category.swift */ = {isa = PBXFileReference; lastKnownFileType = sourcecode.swift; path = Category.swift; sourceTree = "<group>"; };
		02143F3123200F6A00A9C3C3 /* SwipeTableViewController.swift */ = {isa = PBXFileReference; lastKnownFileType = sourcecode.swift; path = SwipeTableViewController.swift; sourceTree = "<group>"; };
		1117B9A63D3E83576B7C07F0 /* Pods_Todoey.framework */ = {isa = PBXFileReference; explicitFileType = wrapper.framework; includeInIndex = 0; path = Pods_Todoey.framework; sourceTree = BUILT_PRODUCTS_DIR; };
		B70E49AF3E018C2E60122294 /* Pods-Todoey.release.xcconfig */ = {isa = PBXFileReference; includeInIndex = 1; lastKnownFileType = text.xcconfig; name = "Pods-Todoey.release.xcconfig"; path = "Target Support Files/Pods-Todoey/Pods-Todoey.release.xcconfig"; sourceTree = "<group>"; };
		FCF23DCCED38564431E05BA2 /* Pods-Todoey.debug.xcconfig */ = {isa = PBXFileReference; includeInIndex = 1; lastKnownFileType = text.xcconfig; name = "Pods-Todoey.debug.xcconfig"; path = "Target Support Files/Pods-Todoey/Pods-Todoey.debug.xcconfig"; sourceTree = "<group>"; };
/* End PBXFileReference section */

/* Begin PBXFrameworksBuildPhase section */
		02143EE5231BB47000A9C3C3 /* Frameworks */ = {
			isa = PBXFrameworksBuildPhase;
			buildActionMask = 2147483647;
			files = (
				6EB851D21E7E90C31A702C4D /* Pods_Todoey.framework in Frameworks */,
			);
			runOnlyForDeploymentPostprocessing = 0;
		};
/* End PBXFrameworksBuildPhase section */

/* Begin PBXGroup section */
		02143EDF231BB47000A9C3C3 = {
			isa = PBXGroup;
			children = (
				02143EEA231BB47000A9C3C3 /* Todoey */,
				02143EE9231BB47000A9C3C3 /* Products */,
				FFB399363A1091F07AFFA501 /* Pods */,
				CCC966CB51E12265A0D33468 /* Frameworks */,
			);
			sourceTree = "<group>";
		};
		02143EE9231BB47000A9C3C3 /* Products */ = {
			isa = PBXGroup;
			children = (
				02143EE8231BB47000A9C3C3 /* Todoey.app */,
			);
			name = Products;
			sourceTree = "<group>";
		};
		02143EEA231BB47000A9C3C3 /* Todoey */ = {
			isa = PBXGroup;
			children = (
				02143EEB231BB47000A9C3C3 /* AppDelegate.swift */,
				02143F00231BF77200A9C3C3 /* Conrollers */,
				02143EFF231BF75000A9C3C3 /* Data Model */,
				02143F01231BF78000A9C3C3 /* View */,
				02143F02231BF7A000A9C3C3 /* Supporting Files */,
				02143EF7231BB47300A9C3C3 /* Info.plist */,
			);
			path = Todoey;
			sourceTree = "<group>";
		};
		02143EFF231BF75000A9C3C3 /* Data Model */ = {
			isa = PBXGroup;
			children = (
				02143F2F231EE03F00A9C3C3 /* Category.swift */,
				02143F2D231EE03200A9C3C3 /* Item.swift */,
			);
			path = "Data Model";
			sourceTree = "<group>";
		};
		02143F00231BF77200A9C3C3 /* Conrollers */ = {
			isa = PBXGroup;
			children = (
				02143F29231D9DA700A9C3C3 /* CategoryViewController.swift */,
				02143EED231BB47000A9C3C3 /* TodoListViewController.swift */,
				02143F3123200F6A00A9C3C3 /* SwipeTableViewController.swift */,
			);
			path = Conrollers;
			sourceTree = "<group>";
		};
		02143F01231BF78000A9C3C3 /* View */ = {
			isa = PBXGroup;
			children = (
				02143EEF231BB47000A9C3C3 /* Main.storyboard */,
			);
			path = View;
			sourceTree = "<group>";
		};
		02143F02231BF7A000A9C3C3 /* Supporting Files */ = {
			isa = PBXGroup;
			children = (
				02143EF2231BB47300A9C3C3 /* Assets.xcassets */,
				02143EF4231BB47300A9C3C3 /* LaunchScreen.storyboard */,
			);
			path = "Supporting Files";
			sourceTree = "<group>";
		};
		CCC966CB51E12265A0D33468 /* Frameworks */ = {
			isa = PBXGroup;
			children = (
				1117B9A63D3E83576B7C07F0 /* Pods_Todoey.framework */,
			);
			name = Frameworks;
			sourceTree = "<group>";
		};
		FFB399363A1091F07AFFA501 /* Pods */ = {
			isa = PBXGroup;
			children = (
				FCF23DCCED38564431E05BA2 /* Pods-Todoey.debug.xcconfig */,
				B70E49AF3E018C2E60122294 /* Pods-Todoey.release.xcconfig */,
			);
			path = Pods;
			sourceTree = "<group>";
		};
/* End PBXGroup section */

/* Begin PBXNativeTarget section */
		02143EE7231BB47000A9C3C3 /* Todoey */ = {
			isa = PBXNativeTarget;
			buildConfigurationList = 02143EFA231BB47300A9C3C3 /* Build configuration list for PBXNativeTarget "Todoey" */;
			buildPhases = (
				ED9E7CBEEC3DB3DCA3DC81E4 /* [CP] Check Pods Manifest.lock */,
				02143EE4231BB47000A9C3C3 /* Sources */,
				02143EE5231BB47000A9C3C3 /* Frameworks */,
				02143EE6231BB47000A9C3C3 /* Resources */,
				9D90B23A0C80938DEEC62738 /* [CP] Embed Pods Frameworks */,
			);
			buildRules = (
			);
			dependencies = (
			);
			name = Todoey;
			productName = Todoey;
			productReference = 02143EE8231BB47000A9C3C3 /* Todoey.app */;
			productType = "com.apple.product-type.application";
		};
/* End PBXNativeTarget section */

/* Begin PBXProject section */
		02143EE0231BB47000A9C3C3 /* Project object */ = {
			isa = PBXProject;
			attributes = {
				LastSwiftUpdateCheck = 1030;
				LastUpgradeCheck = 1030;
				ORGANIZATIONNAME = "gaurav chauhan";
				TargetAttributes = {
					02143EE7231BB47000A9C3C3 = {
						CreatedOnToolsVersion = 10.3;
					};
				};
			};
			buildConfigurationList = 02143EE3231BB47000A9C3C3 /* Build configuration list for PBXProject "Todoey" */;
			compatibilityVersion = "Xcode 9.3";
			developmentRegion = en;
			hasScannedForEncodings = 0;
			knownRegions = (
				en,
				Base,
			);
			mainGroup = 02143EDF231BB47000A9C3C3;
			productRefGroup = 02143EE9231BB47000A9C3C3 /* Products */;
			projectDirPath = "";
			projectRoot = "";
			targets = (
				02143EE7231BB47000A9C3C3 /* Todoey */,
			);
		};
/* End PBXProject section */

/* Begin PBXResourcesBuildPhase section */
		02143EE6231BB47000A9C3C3 /* Resources */ = {
			isa = PBXResourcesBuildPhase;
			buildActionMask = 2147483647;
			files = (
				02143EF6231BB47300A9C3C3 /* LaunchScreen.storyboard in Resources */,
				02143EF3231BB47300A9C3C3 /* Assets.xcassets in Resources */,
				02143EF1231BB47000A9C3C3 /* Main.storyboard in Resources */,
			);
			runOnlyForDeploymentPostprocessing = 0;
		};
/* End PBXResourcesBuildPhase section */

/* Begin PBXShellScriptBuildPhase section */
		9D90B23A0C80938DEEC62738 /* [CP] Embed Pods Frameworks */ = {
			isa = PBXShellScriptBuildPhase;
			buildActionMask = 2147483647;
			files = (
			);
			inputFileListPaths = (
				"${PODS_ROOT}/Target Support Files/Pods-Todoey/Pods-Todoey-frameworks-${CONFIGURATION}-input-files.xcfilelist",
			);
			name = "[CP] Embed Pods Frameworks";
			outputFileListPaths = (
				"${PODS_ROOT}/Target Support Files/Pods-Todoey/Pods-Todoey-frameworks-${CONFIGURATION}-output-files.xcfilelist",
			);
			runOnlyForDeploymentPostprocessing = 0;
			shellPath = /bin/sh;
			shellScript = "\"${PODS_ROOT}/Target Support Files/Pods-Todoey/Pods-Todoey-frameworks.sh\"\n";
			showEnvVarsInLog = 0;
		};
		ED9E7CBEEC3DB3DCA3DC81E4 /* [CP] Check Pods Manifest.lock */ = {
			isa = PBXShellScriptBuildPhase;
			buildActionMask = 2147483647;
			files = (
			);
			inputFileListPaths = (
			);
			inputPaths = (
				"${PODS_PODFILE_DIR_PATH}/Podfile.lock",
				"${PODS_ROOT}/Manifest.lock",
			);
			name = "[CP] Check Pods Manifest.lock";
			outputFileListPaths = (
			);
			outputPaths = (
				"$(DERIVED_FILE_DIR)/Pods-Todoey-checkManifestLockResult.txt",
			);
			runOnlyForDeploymentPostprocessing = 0;
			shellPath = /bin/sh;
			shellScript = "diff \"${PODS_PODFILE_DIR_PATH}/Podfile.lock\" \"${PODS_ROOT}/Manifest.lock\" > /dev/null\nif [ $? != 0 ] ; then\n    # print error to STDERR\n    echo \"error: The sandbox is not in sync with the Podfile.lock. Run 'pod install' or update your CocoaPods installation.\" >&2\n    exit 1\nfi\n# This output is used by Xcode 'outputs' to avoid re-running this script phase.\necho \"SUCCESS\" > \"${SCRIPT_OUTPUT_FILE_0}\"\n";
			showEnvVarsInLog = 0;
		};
/* End PBXShellScriptBuildPhase section */

/* Begin PBXSourcesBuildPhase section */
		02143EE4231BB47000A9C3C3 /* Sources */ = {
			isa = PBXSourcesBuildPhase;
			buildActionMask = 2147483647;
			files = (
				02143F2E231EE03200A9C3C3 /* Item.swift in Sources */,
				02143F2A231D9DA700A9C3C3 /* CategoryViewController.swift in Sources */,
				02143EEE231BB47000A9C3C3 /* TodoListViewController.swift in Sources */,
				02143EEC231BB47000A9C3C3 /* AppDelegate.swift in Sources */,
				02143F3223200F6A00A9C3C3 /* SwipeTableViewController.swift in Sources */,
				02143F30231EE03F00A9C3C3 /* Category.swift in Sources */,
			);
			runOnlyForDeploymentPostprocessing = 0;
		};
/* End PBXSourcesBuildPhase section */

/* Begin PBXVariantGroup section */
		02143EEF231BB47000A9C3C3 /* Main.storyboard */ = {
			isa = PBXVariantGroup;
			children = (
				02143EF0231BB47000A9C3C3 /* Base */,
			);
			name = Main.storyboard;
			sourceTree = "<group>";
		};
		02143EF4231BB47300A9C3C3 /* LaunchScreen.storyboard */ = {
			isa = PBXVariantGroup;
			children = (
				02143EF5231BB47300A9C3C3 /* Base */,
			);
			name = LaunchScreen.storyboard;
			sourceTree = "<group>";
		};
/* End PBXVariantGroup section */

/* Begin XCBuildConfiguration section */
		02143EF8231BB47300A9C3C3 /* Debug */ = {
			isa = XCBuildConfiguration;
			buildSettings = {
				ALWAYS_SEARCH_USER_PATHS = NO;
				CLANG_ANALYZER_NONNULL = YES;
				CLANG_ANALYZER_NUMBER_OBJECT_CONVERSION = YES_AGGRESSIVE;
				CLANG_CXX_LANGUAGE_STANDARD = "gnu++14";
				CLANG_CXX_LIBRARY = "libc++";
				CLANG_ENABLE_MODULES = YES;
				CLANG_ENABLE_OBJC_ARC = YES;
				CLANG_ENABLE_OBJC_WEAK = YES;
				CLANG_WARN_BLOCK_CAPTURE_AUTORELEASING = YES;
				CLANG_WARN_BOOL_CONVERSION = YES;
				CLANG_WARN_COMMA = YES;
				CLANG_WARN_CONSTANT_CONVERSION = YES;
				CLANG_WARN_DEPRECATED_OBJC_IMPLEMENTATIONS = YES;
				CLANG_WARN_DIRECT_OBJC_ISA_USAGE = YES_ERROR;
				CLANG_WARN_DOCUMENTATION_COMMENTS = YES;
				CLANG_WARN_EMPTY_BODY = YES;
				CLANG_WARN_ENUM_CONVERSION = YES;
				CLANG_WARN_INFINITE_RECURSION = YES;
				CLANG_WARN_INT_CONVERSION = YES;
				CLANG_WARN_NON_LITERAL_NULL_CONVERSION = YES;
				CLANG_WARN_OBJC_IMPLICIT_RETAIN_SELF = YES;
				CLANG_WARN_OBJC_LITERAL_CONVERSION = YES;
				CLANG_WARN_OBJC_ROOT_CLASS = YES_ERROR;
				CLANG_WARN_RANGE_LOOP_ANALYSIS = YES;
				CLANG_WARN_STRICT_PROTOTYPES = YES;
				CLANG_WARN_SUSPICIOUS_MOVE = YES;
				CLANG_WARN_UNGUARDED_AVAILABILITY = YES_AGGRESSIVE;
				CLANG_WARN_UNREACHABLE_CODE = YES;
				CLANG_WARN__DUPLICATE_METHOD_MATCH = YES;
				CODE_SIGN_IDENTITY = "iPhone Developer";
				COPY_PHASE_STRIP = NO;
				DEBUG_INFORMATION_FORMAT = dwarf;
				ENABLE_STRICT_OBJC_MSGSEND = YES;
				ENABLE_TESTABILITY = YES;
				GCC_C_LANGUAGE_STANDARD = gnu11;
				GCC_DYNAMIC_NO_PIC = NO;
				GCC_NO_COMMON_BLOCKS = YES;
				GCC_OPTIMIZATION_LEVEL = 0;
				GCC_PREPROCESSOR_DEFINITIONS = (
					"DEBUG=1",
					"$(inherited)",
				);
				GCC_WARN_64_TO_32_BIT_CONVERSION = YES;
				GCC_WARN_ABOUT_RETURN_TYPE = YES_ERROR;
				GCC_WARN_UNDECLARED_SELECTOR = YES;
				GCC_WARN_UNINITIALIZED_AUTOS = YES_AGGRESSIVE;
				GCC_WARN_UNUSED_FUNCTION = YES;
				GCC_WARN_UNUSED_VARIABLE = YES;
				IPHONEOS_DEPLOYMENT_TARGET = 12.4;
				MTL_ENABLE_DEBUG_INFO = INCLUDE_SOURCE;
				MTL_FAST_MATH = YES;
				ONLY_ACTIVE_ARCH = YES;
				SDKROOT = iphoneos;
				SWIFT_ACTIVE_COMPILATION_CONDITIONS = DEBUG;
				SWIFT_OPTIMIZATION_LEVEL = "-Onone";
			};
			name = Debug;
		};
		02143EF9231BB47300A9C3C3 /* Release */ = {
			isa = XCBuildConfiguration;
			buildSettings = {
				ALWAYS_SEARCH_USER_PATHS = NO;
				CLANG_ANALYZER_NONNULL = YES;
				CLANG_ANALYZER_NUMBER_OBJECT_CONVERSION = YES_AGGRESSIVE;
				CLANG_CXX_LANGUAGE_STANDARD = "gnu++14";
				CLANG_CXX_LIBRARY = "libc++";
				CLANG_ENABLE_MODULES = YES;
				CLANG_ENABLE_OBJC_ARC = YES;
				CLANG_ENABLE_OBJC_WEAK = YES;
				CLANG_WARN_BLOCK_CAPTURE_AUTORELEASING = YES;
				CLANG_WARN_BOOL_CONVERSION = YES;
				CLANG_WARN_COMMA = YES;
				CLANG_WARN_CONSTANT_CONVERSION = YES;
				CLANG_WARN_DEPRECATED_OBJC_IMPLEMENTATIONS = YES;
				CLANG_WARN_DIRECT_OBJC_ISA_USAGE = YES_ERROR;
				CLANG_WARN_DOCUMENTATION_COMMENTS = YES;
				CLANG_WARN_EMPTY_BODY = YES;
				CLANG_WARN_ENUM_CONVERSION = YES;
				CLANG_WARN_INFINITE_RECURSION = YES;
				CLANG_WARN_INT_CONVERSION = YES;
				CLANG_WARN_NON_LITERAL_NULL_CONVERSION = YES;
				CLANG_WARN_OBJC_IMPLICIT_RETAIN_SELF = YES;
				CLANG_WARN_OBJC_LITERAL_CONVERSION = YES;
				CLANG_WARN_OBJC_ROOT_CLASS = YES_ERROR;
				CLANG_WARN_RANGE_LOOP_ANALYSIS = YES;
				CLANG_WARN_STRICT_PROTOTYPES = YES;
				CLANG_WARN_SUSPICIOUS_MOVE = YES;
				CLANG_WARN_UNGUARDED_AVAILABILITY = YES_AGGRESSIVE;
				CLANG_WARN_UNREACHABLE_CODE = YES;
				CLANG_WARN__DUPLICATE_METHOD_MATCH = YES;
				CODE_SIGN_IDENTITY = "iPhone Developer";
				COPY_PHASE_STRIP = NO;
				DEBUG_INFORMATION_FORMAT = "dwarf-with-dsym";
				ENABLE_NS_ASSERTIONS = NO;
				ENABLE_STRICT_OBJC_MSGSEND = YES;
				GCC_C_LANGUAGE_STANDARD = gnu11;
				GCC_NO_COMMON_BLOCKS = YES;
				GCC_WARN_64_TO_32_BIT_CONVERSION = YES;
				GCC_WARN_ABOUT_RETURN_TYPE = YES_ERROR;
				GCC_WARN_UNDECLARED_SELECTOR = YES;
				GCC_WARN_UNINITIALIZED_AUTOS = YES_AGGRESSIVE;
				GCC_WARN_UNUSED_FUNCTION = YES;
				GCC_WARN_UNUSED_VARIABLE = YES;
				IPHONEOS_DEPLOYMENT_TARGET = 12.4;
				MTL_ENABLE_DEBUG_INFO = NO;
				MTL_FAST_MATH = YES;
				SDKROOT = iphoneos;
				SWIFT_COMPILATION_MODE = wholemodule;
				SWIFT_OPTIMIZATION_LEVEL = "-O";
				VALIDATE_PRODUCT = YES;
			};
			name = Release;
		};
		02143EFB231BB47300A9C3C3 /* Debug */ = {
			isa = XCBuildConfiguration;
			baseConfigurationReference = FCF23DCCED38564431E05BA2 /* Pods-Todoey.debug.xcconfig */;
			buildSettings = {
				ASSETCATALOG_COMPILER_APPICON_NAME = AppIcon;
				CODE_SIGN_STYLE = Automatic;
				DEVELOPMENT_TEAM = 8QURT44925;
				INFOPLIST_FILE = Todoey/Info.plist;
				LD_RUNPATH_SEARCH_PATHS = (
					"$(inherited)",
					"@executable_path/Frameworks",
				);
				PRODUCT_BUNDLE_IDENTIFIER = abc.Todoey;
				PRODUCT_NAME = "$(TARGET_NAME)";
				SWIFT_VERSION = 5.0;
				TARGETED_DEVICE_FAMILY = "1,2";
			};
			name = Debug;
		};
		02143EFC231BB47300A9C3C3 /* Release */ = {
			isa = XCBuildConfiguration;
			baseConfigurationReference = B70E49AF3E018C2E60122294 /* Pods-Todoey.release.xcconfig */;
			buildSettings = {
				ASSETCATALOG_COMPILER_APPICON_NAME = AppIcon;
				CODE_SIGN_STYLE = Automatic;
				DEVELOPMENT_TEAM = 8QURT44925;
				INFOPLIST_FILE = Todoey/Info.plist;
				LD_RUNPATH_SEARCH_PATHS = (
					"$(inherited)",
					"@executable_path/Frameworks",
				);
				PRODUCT_BUNDLE_IDENTIFIER = abc.Todoey;
				PRODUCT_NAME = "$(TARGET_NAME)";
				SWIFT_VERSION = 5.0;
				TARGETED_DEVICE_FAMILY = "1,2";
			};
			name = Release;
		};
/* End XCBuildConfiguration section */

/* Begin XCConfigurationList section */
		02143EE3231BB47000A9C3C3 /* Build configuration list for PBXProject "Todoey" */ = {
			isa = XCConfigurationList;
			buildConfigurations = (
				02143EF8231BB47300A9C3C3 /* Debug */,
				02143EF9231BB47300A9C3C3 /* Release */,
			);
			defaultConfigurationIsVisible = 0;
			defaultConfigurationName = Release;
		};
		02143EFA231BB47300A9C3C3 /* Build configuration list for PBXNativeTarget "Todoey" */ = {
			isa = XCConfigurationList;
			buildConfigurations = (
				02143EFB231BB47300A9C3C3 /* Debug */,
				02143EFC231BB47300A9C3C3 /* Release */,
			);
			defaultConfigurationIsVisible = 0;
			defaultConfigurationName = Release;
		};
/* End XCConfigurationList section */
	};
	rootObject = 02143EE0231BB47000A9C3C3 /* Project object */;
}
